{
  "object": {
    "pins": [
      {
        "package": "AudioKit",
        "repositoryURL": "https://github.com/Moriquendi/AudioKit",
        "state": {
          "branch": "v5-main",
          "revision": "86b65499717df5943d74204d16ef7114457dd650",
          "version": null
        }
      }
    ]
  },
  "version": 1
}
